{
  "originHash" : "0c34f1f7ba2fce85fe3324a6d7c3451a7e97e526414f85aed917266dd581261b",
  "pins" : [
    {
      "identity" : "swift-cmark",
      "kind" : "remoteSourceControl",
      "location" : "https://github.com/swiftlang/swift-cmark.git",
      "state" : {
        "revision" : "924936d0427cb25a61169739a7660230bffa6ea6",
        "version" : "0.8.0"
      }
    },
    {
      "identity" : "swift-displaywidth",
      "kind" : "remoteSourceControl",
      "location" : "https://github.com/ainame/swift-displaywidth.git",
      "state" : {
        "revision" : "5493276f6c91fd09d348e6cea70d66346fc7b610",
        "version" : "0.1.0"
      }
    },
    {
      "identity" : "swift-markdown",
      "kind" : "remoteSourceControl",
      "location" : "https://github.com/apple/swift-markdown.git",
      "state" : {
        "revision" : "3c6f9523da3a1ec2fd829673e472d95b8097a3b8",
        "version" : "0.8.0"
      }
    },
    {
      "identity" : "swift-system",
      "kind" : "remoteSourceControl",
      "location" : "https://github.com/apple/swift-system.git",
      "state" : {
        "revision" : "b5544ba79a70a0cb3563e75bf26dc198d6b40ed3",
        "version" : "1.7.4"
      }
    }
  ],
  "version" : 3
}
